// !$*UTF8*$!
{
	archiveVersion = 1;
	classes = {
	};
	objectVersion = 48;
	objects = {

/* Begin PBXBuildFile section */
		837FEF82200FAC84006C06EB /* main.cpp in Sources */ = {isa = PBXBuildFile; fileRef = 837FEF81200FAC84006C06EB /* main.cpp */; };
		83A597AB205952C2005A98C4 /* detection_results.cc in Sources */ = {isa = PBXBuildFile; fileRef = 83A597A9205952C2005A98C4 /* detection_results.cc */; };
		83A597C920595BAC005A98C4 /* line_detector.cc in Sources */ = {isa = PBXBuildFile; fileRef = 83A597C620595BAB005A98C4 /* line_detector.cc */; };
		83A597CA20595BAC005A98C4 /* edge_detector.cc in Sources */ = {isa = PBXBuildFile; fileRef = 83A597C720595BAB005A98C4 /* edge_detector.cc */; };
		83A597E020595CD3005A98C4 /* detector.cc in Sources */ = {isa = PBXBuildFile; fileRef = 83A597D820595CD2005A98C4 /* detector.cc */; };
		83A597E120595CD3005A98C4 /* pipeline_job.cc in Sources */ = {isa = PBXBuildFile; fileRef = 83A597D920595CD2005A98C4 /* pipeline_job.cc */; };
		83A597E220595CD3005A98C4 /* document.cc in Sources */ = {isa = PBXBuildFile; fileRef = 83A597DA20595CD3005A98C4 /* document.cc */; };
		83A597E320595CD3005A98C4 /* line.cc in Sources */ = {isa = PBXBuildFile; fileRef = 83A597DC20595CD3005A98C4 /* line.cc */; };
		83A597E72059824B005A98C4 /* gather_lines.cc in Sources */ = {isa = PBXBuildFile; fileRef = 83A597E52059824B005A98C4 /* gather_lines.cc */; };
		83A597ED20599A5D005A98C4 /* best_rectangle.cc in Sources */ = {isa = PBXBuildFile; fileRef = 83A597EB20599A5D005A98C4 /* best_rectangle.cc */; };
		83A597F020599A97005A98C4 /* debug_drawings.cc in Sources */ = {isa = PBXBuildFile; fileRef = 83A597EE20599A97005A98C4 /* debug_drawings.cc */; };
		83A597F3205AC40E005A98C4 /* rectangle.cc in Sources */ = {isa = PBXBuildFile; fileRef = 83A597F1205AC40E005A98C4 /* rectangle.cc */; };
		83A597F6205C24F2005A98C4 /* text_deskew.cc in Sources */ = {isa = PBXBuildFile; fileRef = 83A597F4205C24F2005A98C4 /* text_deskew.cc */; };
		83A597F9205C2520005A98C4 /* object_detector.cc in Sources */ = {isa = PBXBuildFile; fileRef = 83A597F7205C2520005A98C4 /* object_detector.cc */; };
		83A597FC205C2600005A98C4 /* text_detector.cc in Sources */ = {isa = PBXBuildFile; fileRef = 83A597FA205C2600005A98C4 /* text_detector.cc */; };
		83A59804205C3BD5005A98C4 /* libopencv_dnn_objdetect.3.4.1.dylib in Frameworks */ = {isa = PBXBuildFile; fileRef = 83A597FD205C3BD4005A98C4 /* libopencv_dnn_objdetect.3.4.1.dylib */; };
		83A59805205C3BD5005A98C4 /* libopencv_imgcodecs.3.4.1.dylib in Frameworks */ = {isa = PBXBuildFile; fileRef = 83A597FE205C3BD4005A98C4 /* libopencv_imgcodecs.3.4.1.dylib */; };
		83A59806205C3BD5005A98C4 /* libopencv_ximgproc.3.4.1.dylib in Frameworks */ = {isa = PBXBuildFile; fileRef = 83A597FF205C3BD4005A98C4 /* libopencv_ximgproc.3.4.1.dylib */; };
		83A59807205C3BD5005A98C4 /* libopencv_core.3.4.1.dylib in Frameworks */ = {isa = PBXBuildFile; fileRef = 83A59800205C3BD5005A98C4 /* libopencv_core.3.4.1.dylib */; };
		83A59808205C3BD5005A98C4 /* libopencv_dnn.3.4.1.dylib in Frameworks */ = {isa = PBXBuildFile; fileRef = 83A59801205C3BD5005A98C4 /* libopencv_dnn.3.4.1.dylib */; };
		83A59809205C3BD5005A98C4 /* libopencv_text.3.4.1.dylib in Frameworks */ = {isa = PBXBuildFile; fileRef = 83A59802205C3BD5005A98C4 /* libopencv_text.3.4.1.dylib */; };
		83A5980A205C3BD5005A98C4 /* libopencv_imgproc.3.4.1.dylib in Frameworks */ = {isa = PBXBuildFile; fileRef = 83A59803205C3BD5005A98C4 /* libopencv_imgproc.3.4.1.dylib */; };
		83A76772205E852A006F8BAD /* rectangle_detector.cc in Sources */ = {isa = PBXBuildFile; fileRef = 83A76770205E852A006F8BAD /* rectangle_detector.cc */; };
		83A76775205E87E9006F8BAD /* line_group.cc in Sources */ = {isa = PBXBuildFile; fileRef = 83A76773205E87E9006F8BAD /* line_group.cc */; };
/* End PBXBuildFile section */

/* Begin PBXCopyFilesBuildPhase section */
		837FEF7C200FAC84006C06EB /* CopyFiles */ = {
			isa = PBXCopyFilesBuildPhase;
			buildActionMask = 2147483647;
			dstPath = /usr/share/man/man1/;
			dstSubfolderSpec = 0;
			files = (
			);
			runOnlyForDeploymentPostprocessing = 1;
		};
/* End PBXCopyFilesBuildPhase section */

/* Begin PBXFileReference section */
		837FEF7E200FAC84006C06EB /* confital-lib-mactest */ = {isa = PBXFileReference; explicitFileType = "compiled.mach-o.executable"; includeInIndex = 0; path = "confital-lib-mactest"; sourceTree = BUILT_PRODUCTS_DIR; };
		837FEF81200FAC84006C06EB /* main.cpp */ = {isa = PBXFileReference; lastKnownFileType = sourcecode.cpp.cpp; name = main.cpp; path = ../../../test/main.cpp; sourceTree = "<group>"; };
		83A597A8205952C2005A98C4 /* detection_results.h */ = {isa = PBXFileReference; fileEncoding = 4; lastKnownFileType = sourcecode.c.h; name = detection_results.h; path = ../../../test/detection_results.h; sourceTree = "<group>"; };
		83A597A9205952C2005A98C4 /* detection_results.cc */ = {isa = PBXFileReference; fileEncoding = 4; lastKnownFileType = sourcecode.cpp.cpp; name = detection_results.cc; path = ../../../test/detection_results.cc; sourceTree = "<group>"; };
		83A597AA205952C2005A98C4 /* constants.h */ = {isa = PBXFileReference; fileEncoding = 4; lastKnownFileType = sourcecode.c.h; name = constants.h; path = ../../../test/constants.h; sourceTree = "<group>"; };
		83A597C620595BAB005A98C4 /* line_detector.cc */ = {isa = PBXFileReference; lastKnownFileType = sourcecode.cpp.cpp; name = line_detector.cc; path = ../../src/algorithms/line_detector.cc; sourceTree = "<group>"; };
		83A597C720595BAB005A98C4 /* edge_detector.cc */ = {isa = PBXFileReference; lastKnownFileType = sourcecode.cpp.cpp; name = edge_detector.cc; path = ../../src/algorithms/edge_detector.cc; sourceTree = "<group>"; };
		83A597D120595C71005A98C4 /* line_detector.h */ = {isa = PBXFileReference; fileEncoding = 4; lastKnownFileType = sourcecode.c.h; name = line_detector.h; path = ../../src/algorithms/line_detector.h; sourceTree = "<group>"; };
		83A597D220595C71005A98C4 /* edge_detector.h */ = {isa = PBXFileReference; fileEncoding = 4; lastKnownFileType = sourcecode.c.h; name = edge_detector.h; path = ../../src/algorithms/edge_detector.h; sourceTree = "<group>"; };
		83A597D320595C71005A98C4 /* abstract_algorithm.h */ = {isa = PBXFileReference; fileEncoding = 4; lastKnownFileType = sourcecode.c.h; name = abstract_algorithm.h; path = ../../src/algorithms/abstract_algorithm.h; sourceTree = "<group>"; };
		83A597D620595CBB005A98C4 /* common.h */ = {isa = PBXFileReference; fileEncoding = 4; lastKnownFileType = sourcecode.c.h; name = common.h; path = ../../src/common.h; sourceTree = "<group>"; };
		83A597D720595CD2005A98C4 /* config.h */ = {isa = PBXFileReference; fileEncoding = 4; lastKnownFileType = sourcecode.c.h; name = config.h; path = ../../src/config.h; sourceTree = "<group>"; };
		83A597D820595CD2005A98C4 /* detector.cc */ = {isa = PBXFileReference; fileEncoding = 4; lastKnownFileType = sourcecode.cpp.cpp; name = detector.cc; path = ../../src/detector.cc; sourceTree = "<group>"; };
		83A597D920595CD2005A98C4 /* pipeline_job.cc */ = {isa = PBXFileReference; fileEncoding = 4; lastKnownFileType = sourcecode.cpp.cpp; name = pipeline_job.cc; path = ../../src/pipeline_job.cc; sourceTree = "<group>"; };
		83A597DA20595CD3005A98C4 /* document.cc */ = {isa = PBXFileReference; fileEncoding = 4; lastKnownFileType = sourcecode.cpp.cpp; name = document.cc; path = ../../src/document.cc; sourceTree = "<group>"; };
		83A597DB20595CD3005A98C4 /* document.h */ = {isa = PBXFileReference; fileEncoding = 4; lastKnownFileType = sourcecode.c.h; name = document.h; path = ../../src/document.h; sourceTree = "<group>"; };
		83A597DC20595CD3005A98C4 /* line.cc */ = {isa = PBXFileReference; fileEncoding = 4; lastKnownFileType = sourcecode.cpp.cpp; name = line.cc; path = ../../src/line.cc; sourceTree = "<group>"; };
		83A597DD20595CD3005A98C4 /* detector.h */ = {isa = PBXFileReference; fileEncoding = 4; lastKnownFileType = sourcecode.c.h; name = detector.h; path = ../../src/detector.h; sourceTree = "<group>"; };
		83A597DE20595CD3005A98C4 /* line.h */ = {isa = PBXFileReference; fileEncoding = 4; lastKnownFileType = sourcecode.c.h; name = line.h; path = ../../src/line.h; sourceTree = "<group>"; };
		83A597DF20595CD3005A98C4 /* pipeline_job.h */ = {isa = PBXFileReference; fileEncoding = 4; lastKnownFileType = sourcecode.c.h; name = pipeline_job.h; path = ../../src/pipeline_job.h; sourceTree = "<group>"; };
		83A597E420597A5E005A98C4 /* algorithms.h */ = {isa = PBXFileReference; lastKnownFileType = sourcecode.c.h; name = algorithms.h; path = ../../src/algorithms/algorithms.h; sourceTree = "<group>"; };
		83A597E52059824B005A98C4 /* gather_lines.cc */ = {isa = PBXFileReference; lastKnownFileType = sourcecode.cpp.cpp; name = gather_lines.cc; path = ../../src/algorithms/gather_lines.cc; sourceTree = "<group>"; };
		83A597E62059824B005A98C4 /* gather_lines.h */ = {isa = PBXFileReference; lastKnownFileType = sourcecode.c.h; name = gather_lines.h; path = ../../src/algorithms/gather_lines.h; sourceTree = "<group>"; };
		83A597EB20599A5D005A98C4 /* best_rectangle.cc */ = {isa = PBXFileReference; lastKnownFileType = sourcecode.cpp.cpp; name = best_rectangle.cc; path = ../../src/algorithms/best_rectangle.cc; sourceTree = "<group>"; };
		83A597EC20599A5D005A98C4 /* best_rectangle.h */ = {isa = PBXFileReference; lastKnownFileType = sourcecode.c.h; name = best_rectangle.h; path = ../../src/algorithms/best_rectangle.h; sourceTree = "<group>"; };
		83A597EE20599A97005A98C4 /* debug_drawings.cc */ = {isa = PBXFileReference; lastKnownFileType = sourcecode.cpp.cpp; name = debug_drawings.cc; path = ../../src/algorithms/debug_drawings.cc; sourceTree = "<group>"; };
		83A597EF20599A97005A98C4 /* debug_drawings.h */ = {isa = PBXFileReference; lastKnownFileType = sourcecode.c.h; name = debug_drawings.h; path = ../../src/algorithms/debug_drawings.h; sourceTree = "<group>"; };
		83A597F1205AC40E005A98C4 /* rectangle.cc */ = {isa = PBXFileReference; lastKnownFileType = sourcecode.cpp.cpp; name = rectangle.cc; path = ../../src/rectangle.cc; sourceTree = "<group>"; };
		83A597F2205AC40E005A98C4 /* rectangle.h */ = {isa = PBXFileReference; lastKnownFileType = sourcecode.c.h; name = rectangle.h; path = ../../src/rectangle.h; sourceTree = "<group>"; };
		83A597F4205C24F2005A98C4 /* text_deskew.cc */ = {isa = PBXFileReference; lastKnownFileType = sourcecode.cpp.cpp; name = text_deskew.cc; path = ../../src/algorithms/text_deskew.cc; sourceTree = "<group>"; };
		83A597F5205C24F2005A98C4 /* text_deskew.h */ = {isa = PBXFileReference; lastKnownFileType = sourcecode.c.h; name = text_deskew.h; path = ../../src/algorithms/text_deskew.h; sourceTree = "<group>"; };
		83A597F7205C2520005A98C4 /* object_detector.cc */ = {isa = PBXFileReference; lastKnownFileType = sourcecode.cpp.cpp; name = object_detector.cc; path = ../../src/algorithms/object_detector.cc; sourceTree = "<group>"; };
		83A597F8205C2520005A98C4 /* object_detector.h */ = {isa = PBXFileReference; lastKnownFileType = sourcecode.c.h; name = object_detector.h; path = ../../src/algorithms/object_detector.h; sourceTree = "<group>"; };
		83A597FA205C2600005A98C4 /* text_detector.cc */ = {isa = PBXFileReference; lastKnownFileType = sourcecode.cpp.cpp; name = text_detector.cc; path = ../../src/algorithms/text_detector.cc; sourceTree = "<group>"; };
		83A597FB205C2600005A98C4 /* text_detector.h */ = {isa = PBXFileReference; lastKnownFileType = sourcecode.c.h; name = text_detector.h; path = ../../src/algorithms/text_detector.h; sourceTree = "<group>"; };
		83A597FD205C3BD4005A98C4 /* libopencv_dnn_objdetect.3.4.1.dylib */ = {isa = PBXFileReference; lastKnownFileType = "compiled.mach-o.dylib"; name = libopencv_dnn_objdetect.3.4.1.dylib; path = ../../../../../../../usr/local/lib/libopencv_dnn_objdetect.3.4.1.dylib; sourceTree = "<group>"; };
		83A597FE205C3BD4005A98C4 /* libopencv_imgcodecs.3.4.1.dylib */ = {isa = PBXFileReference; lastKnownFileType = "compiled.mach-o.dylib"; name = libopencv_imgcodecs.3.4.1.dylib; path = ../../../../../../../usr/local/lib/libopencv_imgcodecs.3.4.1.dylib; sourceTree = "<group>"; };
		83A597FF205C3BD4005A98C4 /* libopencv_ximgproc.3.4.1.dylib */ = {isa = PBXFileReference; lastKnownFileType = "compiled.mach-o.dylib"; name = libopencv_ximgproc.3.4.1.dylib; path = ../../../../../../../usr/local/lib/libopencv_ximgproc.3.4.1.dylib; sourceTree = "<group>"; };
		83A59800205C3BD5005A98C4 /* libopencv_core.3.4.1.dylib */ = {isa = PBXFileReference; lastKnownFileType = "compiled.mach-o.dylib"; name = libopencv_core.3.4.1.dylib; path = ../../../../../../../usr/local/lib/libopencv_core.3.4.1.dylib; sourceTree = "<group>"; };
		83A59801205C3BD5005A98C4 /* libopencv_dnn.3.4.1.dylib */ = {isa = PBXFileReference; lastKnownFileType = "compiled.mach-o.dylib"; name = libopencv_dnn.3.4.1.dylib; path = ../../../../../../../usr/local/lib/libopencv_dnn.3.4.1.dylib; sourceTree = "<group>"; };
		83A59802205C3BD5005A98C4 /* libopencv_text.3.4.1.dylib */ = {isa = PBXFileReference; lastKnownFileType = "compiled.mach-o.dylib"; name = libopencv_text.3.4.1.dylib; path = ../../../../../../../usr/local/lib/libopencv_text.3.4.1.dylib; sourceTree = "<group>"; };
		83A59803205C3BD5005A98C4 /* libopencv_imgproc.3.4.1.dylib */ = {isa = PBXFileReference; lastKnownFileType = "compiled.mach-o.dylib"; name = libopencv_imgproc.3.4.1.dylib; path = ../../../../../../../usr/local/lib/libopencv_imgproc.3.4.1.dylib; sourceTree = "<group>"; };
		83A76770205E852A006F8BAD /* rectangle_detector.cc */ = {isa = PBXFileReference; lastKnownFileType = sourcecode.cpp.cpp; name = rectangle_detector.cc; path = ../../src/algorithms/rectangle_detector.cc; sourceTree = "<group>"; };
		83A76771205E852A006F8BAD /* rectangle_detector.h */ = {isa = PBXFileReference; lastKnownFileType = sourcecode.c.h; name = rectangle_detector.h; path = ../../src/algorithms/rectangle_detector.h; sourceTree = "<group>"; };
		83A76773205E87E9006F8BAD /* line_group.cc */ = {isa = PBXFileReference; lastKnownFileType = sourcecode.cpp.cpp; name = line_group.cc; path = ../../src/line_group.cc; sourceTree = "<group>"; };
		83A76774205E87E9006F8BAD /* line_group.h */ = {isa = PBXFileReference; lastKnownFileType = sourcecode.c.h; name = line_group.h; path = ../../src/line_group.h; sourceTree = "<group>"; };
/* End PBXFileReference section */

/* Begin PBXFrameworksBuildPhase section */
		837FEF7B200FAC84006C06EB /* Frameworks */ = {
			isa = PBXFrameworksBuildPhase;
			buildActionMask = 2147483647;
			files = (
				83A59804205C3BD5005A98C4 /* libopencv_dnn_objdetect.3.4.1.dylib in Frameworks */,
				83A59805205C3BD5005A98C4 /* libopencv_imgcodecs.3.4.1.dylib in Frameworks */,
				83A59806205C3BD5005A98C4 /* libopencv_ximgproc.3.4.1.dylib in Frameworks */,
				83A59807205C3BD5005A98C4 /* libopencv_core.3.4.1.dylib in Frameworks */,
				83A59808205C3BD5005A98C4 /* libopencv_dnn.3.4.1.dylib in Frameworks */,
				83A59809205C3BD5005A98C4 /* libopencv_text.3.4.1.dylib in Frameworks */,
				83A5980A205C3BD5005A98C4 /* libopencv_imgproc.3.4.1.dylib in Frameworks */,
			);
			runOnlyForDeploymentPostprocessing = 0;
		};
/* End PBXFrameworksBuildPhase section */

/* Begin PBXGroup section */
		837FEF75200FAC84006C06EB = {
			isa = PBXGroup;
			children = (
				83A597D520595C82005A98C4 /* src */,
				83A597CC20595BDC005A98C4 /* algorithms */,
				837FEF80200FAC84006C06EB /* confital-lib-mactest */,
				837FEF7F200FAC84006C06EB /* Products */,
				837FEF88200FACB8006C06EB /* Frameworks */,
			);
			sourceTree = "<group>";
		};
		837FEF7F200FAC84006C06EB /* Products */ = {
			isa = PBXGroup;
			children = (
				837FEF7E200FAC84006C06EB /* confital-lib-mactest */,
			);
			name = Products;
			sourceTree = "<group>";
		};
		837FEF80200FAC84006C06EB /* confital-lib-mactest */ = {
			isa = PBXGroup;
			children = (
				83A597AA205952C2005A98C4 /* constants.h */,
				83A597A9205952C2005A98C4 /* detection_results.cc */,
				83A597A8205952C2005A98C4 /* detection_results.h */,
				837FEF81200FAC84006C06EB /* main.cpp */,
			);
			path = "confital-lib-mactest";
			sourceTree = "<group>";
		};
		837FEF88200FACB8006C06EB /* Frameworks */ = {
			isa = PBXGroup;
			children = (
				83A59800205C3BD5005A98C4 /* libopencv_core.3.4.1.dylib */,
				83A597FD205C3BD4005A98C4 /* libopencv_dnn_objdetect.3.4.1.dylib */,
				83A59801205C3BD5005A98C4 /* libopencv_dnn.3.4.1.dylib */,
				83A597FE205C3BD4005A98C4 /* libopencv_imgcodecs.3.4.1.dylib */,
				83A59803205C3BD5005A98C4 /* libopencv_imgproc.3.4.1.dylib */,
				83A59802205C3BD5005A98C4 /* libopencv_text.3.4.1.dylib */,
				83A597FF205C3BD4005A98C4 /* libopencv_ximgproc.3.4.1.dylib */,
			);
			name = Frameworks;
			sourceTree = "<group>";
		};
		83A597CC20595BDC005A98C4 /* algorithms */ = {
			isa = PBXGroup;
			children = (
				83A597E420597A5E005A98C4 /* algorithms.h */,
				83A597D320595C71005A98C4 /* abstract_algorithm.h */,
				83A597D120595C71005A98C4 /* line_detector.h */,
				83A597C620595BAB005A98C4 /* line_detector.cc */,
				83A597D220595C71005A98C4 /* edge_detector.h */,
				83A597C720595BAB005A98C4 /* edge_detector.cc */,
				83A597E52059824B005A98C4 /* gather_lines.cc */,
				83A597E62059824B005A98C4 /* gather_lines.h */,
				83A597EB20599A5D005A98C4 /* best_rectangle.cc */,
				83A597EC20599A5D005A98C4 /* best_rectangle.h */,
				83A597EE20599A97005A98C4 /* debug_drawings.cc */,
				83A597EF20599A97005A98C4 /* debug_drawings.h */,
				83A597F4205C24F2005A98C4 /* text_deskew.cc */,
				83A597F5205C24F2005A98C4 /* text_deskew.h */,
				83A597F7205C2520005A98C4 /* object_detector.cc */,
				83A597F8205C2520005A98C4 /* object_detector.h */,
				83A597FA205C2600005A98C4 /* text_detector.cc */,
				83A597FB205C2600005A98C4 /* text_detector.h */,
				83A76770205E852A006F8BAD /* rectangle_detector.cc */,
				83A76771205E852A006F8BAD /* rectangle_detector.h */,
			);
			name = algorithms;
			sourceTree = "<group>";
		};
		83A597D520595C82005A98C4 /* src */ = {
			isa = PBXGroup;
			children = (
				83A597D620595CBB005A98C4 /* common.h */,
				83A597D720595CD2005A98C4 /* config.h */,
				83A597D820595CD2005A98C4 /* detector.cc */,
				83A597DD20595CD3005A98C4 /* detector.h */,
				83A597DA20595CD3005A98C4 /* document.cc */,
				83A597DB20595CD3005A98C4 /* document.h */,
				83A597DC20595CD3005A98C4 /* line.cc */,
				83A597DE20595CD3005A98C4 /* line.h */,
				83A597D920595CD2005A98C4 /* pipeline_job.cc */,
				83A597DF20595CD3005A98C4 /* pipeline_job.h */,
				83A597F1205AC40E005A98C4 /* rectangle.cc */,
				83A597F2205AC40E005A98C4 /* rectangle.h */,
				83A76773205E87E9006F8BAD /* line_group.cc */,
				83A76774205E87E9006F8BAD /* line_group.h */,
			);
			name = src;
			sourceTree = "<group>";
		};
/* End PBXGroup section */

/* Begin PBXNativeTarget section */
		837FEF7D200FAC84006C06EB /* confital-lib-mactest */ = {
			isa = PBXNativeTarget;
			buildConfigurationList = 837FEF85200FAC84006C06EB /* Build configuration list for PBXNativeTarget "confital-lib-mactest" */;
			buildPhases = (
				837FEF7A200FAC84006C06EB /* Sources */,
				837FEF7B200FAC84006C06EB /* Frameworks */,
				837FEF7C200FAC84006C06EB /* CopyFiles */,
			);
			buildRules = (
			);
			dependencies = (
			);
			name = "confital-lib-mactest";
			productName = "confital-lib-mactest";
			productReference = 837FEF7E200FAC84006C06EB /* confital-lib-mactest */;
			productType = "com.apple.product-type.tool";
		};
/* End PBXNativeTarget section */

/* Begin PBXProject section */
		837FEF76200FAC84006C06EB /* Project object */ = {
			isa = PBXProject;
			attributes = {
				LastUpgradeCheck = 0920;
				ORGANIZATIONNAME = "Chris Morgan";
				TargetAttributes = {
					837FEF7D200FAC84006C06EB = {
						CreatedOnToolsVersion = 9.2;
						ProvisioningStyle = Automatic;
					};
				};
			};
			buildConfigurationList = 837FEF79200FAC84006C06EB /* Build configuration list for PBXProject "confital-lib-mactest" */;
			compatibilityVersion = "Xcode 8.0";
			developmentRegion = en;
			hasScannedForEncodings = 0;
			knownRegions = (
				en,
			);
			mainGroup = 837FEF75200FAC84006C06EB;
			productRefGroup = 837FEF7F200FAC84006C06EB /* Products */;
			projectDirPath = "";
			projectRoot = "";
			targets = (
				837FEF7D200FAC84006C06EB /* confital-lib-mactest */,
			);
		};
/* End PBXProject section */

/* Begin PBXSourcesBuildPhase section */
		837FEF7A200FAC84006C06EB /* Sources */ = {
			isa = PBXSourcesBuildPhase;
			buildActionMask = 2147483647;
			files = (
				83A597C920595BAC005A98C4 /* line_detector.cc in Sources */,
				83A597E120595CD3005A98C4 /* pipeline_job.cc in Sources */,
				83A597CA20595BAC005A98C4 /* edge_detector.cc in Sources */,
				83A597F3205AC40E005A98C4 /* rectangle.cc in Sources */,
				83A597FC205C2600005A98C4 /* text_detector.cc in Sources */,
				83A76772205E852A006F8BAD /* rectangle_detector.cc in Sources */,
				83A597E320595CD3005A98C4 /* line.cc in Sources */,
				83A597E72059824B005A98C4 /* gather_lines.cc in Sources */,
				83A597F9205C2520005A98C4 /* object_detector.cc in Sources */,
				83A597E020595CD3005A98C4 /* detector.cc in Sources */,
				83A597F020599A97005A98C4 /* debug_drawings.cc in Sources */,
				83A597AB205952C2005A98C4 /* detection_results.cc in Sources */,
				83A597F6205C24F2005A98C4 /* text_deskew.cc in Sources */,
				83A76775205E87E9006F8BAD /* line_group.cc in Sources */,
				83A597E220595CD3005A98C4 /* document.cc in Sources */,
				837FEF82200FAC84006C06EB /* main.cpp in Sources */,
				83A597ED20599A5D005A98C4 /* best_rectangle.cc in Sources */,
			);
			runOnlyForDeploymentPostprocessing = 0;
		};
/* End PBXSourcesBuildPhase section */

/* Begin XCBuildConfiguration section */
		837FEF83200FAC84006C06EB /* Debug */ = {
			isa = XCBuildConfiguration;
			buildSettings = {
				ALWAYS_SEARCH_USER_PATHS = NO;
				CLANG_ANALYZER_NONNULL = YES;
				CLANG_ANALYZER_NUMBER_OBJECT_CONVERSION = YES_AGGRESSIVE;
				CLANG_CXX_LANGUAGE_STANDARD = "gnu++14";
				CLANG_CXX_LIBRARY = "libc++";
				CLANG_ENABLE_MODULES = YES;
				CLANG_ENABLE_OBJC_ARC = YES;
				CLANG_WARN_BLOCK_CAPTURE_AUTORELEASING = YES;
				CLANG_WARN_BOOL_CONVERSION = YES;
				CLANG_WARN_COMMA = YES;
				CLANG_WARN_CONSTANT_CONVERSION = YES;
				CLANG_WARN_DIRECT_OBJC_ISA_USAGE = YES_ERROR;
				CLANG_WARN_DOCUMENTATION_COMMENTS = YES;
				CLANG_WARN_EMPTY_BODY = YES;
				CLANG_WARN_ENUM_CONVERSION = YES;
				CLANG_WARN_INFINITE_RECURSION = YES;
				CLANG_WARN_INT_CONVERSION = YES;
				CLANG_WARN_NON_LITERAL_NULL_CONVERSION = YES;
				CLANG_WARN_OBJC_LITERAL_CONVERSION = YES;
				CLANG_WARN_OBJC_ROOT_CLASS = YES_ERROR;
				CLANG_WARN_RANGE_LOOP_ANALYSIS = YES;
				CLANG_WARN_STRICT_PROTOTYPES = YES;
				CLANG_WARN_SUSPICIOUS_MOVE = YES;
				CLANG_WARN_UNGUARDED_AVAILABILITY = YES_AGGRESSIVE;
				CLANG_WARN_UNREACHABLE_CODE = YES;
				CLANG_WARN__DUPLICATE_METHOD_MATCH = YES;
				CODE_SIGN_IDENTITY = "Mac Developer";
				COPY_PHASE_STRIP = NO;
				DEBUG_INFORMATION_FORMAT = dwarf;
				ENABLE_STRICT_OBJC_MSGSEND = YES;
				ENABLE_TESTABILITY = YES;
				GCC_C_LANGUAGE_STANDARD = gnu11;
				GCC_DYNAMIC_NO_PIC = NO;
				GCC_NO_COMMON_BLOCKS = YES;
				GCC_OPTIMIZATION_LEVEL = 0;
				GCC_PREPROCESSOR_DEFINITIONS = (
					"DEBUG=1",
					"$(inherited)",
				);
				GCC_WARN_64_TO_32_BIT_CONVERSION = YES;
				GCC_WARN_ABOUT_RETURN_TYPE = YES_ERROR;
				GCC_WARN_UNDECLARED_SELECTOR = YES;
				GCC_WARN_UNINITIALIZED_AUTOS = YES_AGGRESSIVE;
				GCC_WARN_UNUSED_FUNCTION = YES;
				GCC_WARN_UNUSED_VARIABLE = YES;
				MACOSX_DEPLOYMENT_TARGET = 10.13;
				MTL_ENABLE_DEBUG_INFO = YES;
				ONLY_ACTIVE_ARCH = YES;
				SDKROOT = macosx;
			};
			name = Debug;
		};
		837FEF84200FAC84006C06EB /* Release */ = {
			isa = XCBuildConfiguration;
			buildSettings = {
				ALWAYS_SEARCH_USER_PATHS = NO;
				CLANG_ANALYZER_NONNULL = YES;
				CLANG_ANALYZER_NUMBER_OBJECT_CONVERSION = YES_AGGRESSIVE;
				CLANG_CXX_LANGUAGE_STANDARD = "gnu++14";
				CLANG_CXX_LIBRARY = "libc++";
				CLANG_ENABLE_MODULES = YES;
				CLANG_ENABLE_OBJC_ARC = YES;
				CLANG_WARN_BLOCK_CAPTURE_AUTORELEASING = YES;
				CLANG_WARN_BOOL_CONVERSION = YES;
				CLANG_WARN_COMMA = YES;
				CLANG_WARN_CONSTANT_CONVERSION = YES;
				CLANG_WARN_DIRECT_OBJC_ISA_USAGE = YES_ERROR;
				CLANG_WARN_DOCUMENTATION_COMMENTS = YES;
				CLANG_WARN_EMPTY_BODY = YES;
				CLANG_WARN_ENUM_CONVERSION = YES;
				CLANG_WARN_INFINITE_RECURSION = YES;
				CLANG_WARN_INT_CONVERSION = YES;
				CLANG_WARN_NON_LITERAL_NULL_CONVERSION = YES;
				CLANG_WARN_OBJC_LITERAL_CONVERSION = YES;
				CLANG_WARN_OBJC_ROOT_CLASS = YES_ERROR;
				CLANG_WARN_RANGE_LOOP_ANALYSIS = YES;
				CLANG_WARN_STRICT_PROTOTYPES = YES;
				CLANG_WARN_SUSPICIOUS_MOVE = YES;
				CLANG_WARN_UNGUARDED_AVAILABILITY = YES_AGGRESSIVE;
				CLANG_WARN_UNREACHABLE_CODE = YES;
				CLANG_WARN__DUPLICATE_METHOD_MATCH = YES;
				CODE_SIGN_IDENTITY = "Mac Developer";
				COPY_PHASE_STRIP = NO;
				DEBUG_INFORMATION_FORMAT = "dwarf-with-dsym";
				ENABLE_NS_ASSERTIONS = NO;
				ENABLE_STRICT_OBJC_MSGSEND = YES;
				GCC_C_LANGUAGE_STANDARD = gnu11;
				GCC_NO_COMMON_BLOCKS = YES;
				GCC_WARN_64_TO_32_BIT_CONVERSION = YES;
				GCC_WARN_ABOUT_RETURN_TYPE = YES_ERROR;
				GCC_WARN_UNDECLARED_SELECTOR = YES;
				GCC_WARN_UNINITIALIZED_AUTOS = YES_AGGRESSIVE;
				GCC_WARN_UNUSED_FUNCTION = YES;
				GCC_WARN_UNUSED_VARIABLE = YES;
				MACOSX_DEPLOYMENT_TARGET = 10.13;
				MTL_ENABLE_DEBUG_INFO = NO;
				SDKROOT = macosx;
			};
			name = Release;
		};
		837FEF86200FAC84006C06EB /* Debug */ = {
			isa = XCBuildConfiguration;
			buildSettings = {
				CODE_SIGN_STYLE = Automatic;
				CONFIGURATION_TEMP_DIR = .;
				DEVELOPMENT_TEAM = SR83H773XU;
				HEADER_SEARCH_PATHS = /usr/local/include;
				LIBRARY_SEARCH_PATHS = (
					"$(inherited)",
					/usr/local/lib,
				);
				PRODUCT_NAME = "$(TARGET_NAME)";
			};
			name = Debug;
		};
		837FEF87200FAC84006C06EB /* Release */ = {
			isa = XCBuildConfiguration;
			buildSettings = {
				CODE_SIGN_STYLE = Automatic;
				DEVELOPMENT_TEAM = SR83H773XU;
				HEADER_SEARCH_PATHS = /usr/local/include;
				LIBRARY_SEARCH_PATHS = (
					"$(inherited)",
					/usr/local/lib,
				);
				PRODUCT_NAME = "$(TARGET_NAME)";
			};
			name = Release;
		};
/* End XCBuildConfiguration section */

/* Begin XCConfigurationList section */
		837FEF79200FAC84006C06EB /* Build configuration list for PBXProject "confital-lib-mactest" */ = {
			isa = XCConfigurationList;
			buildConfigurations = (
				837FEF83200FAC84006C06EB /* Debug */,
				837FEF84200FAC84006C06EB /* Release */,
			);
			defaultConfigurationIsVisible = 0;
			defaultConfigurationName = Release;
		};
		837FEF85200FAC84006C06EB /* Build configuration list for PBXNativeTarget "confital-lib-mactest" */ = {
			isa = XCConfigurationList;
			buildConfigurations = (
				837FEF86200FAC84006C06EB /* Debug */,
				837FEF87200FAC84006C06EB /* Release */,
			);
			defaultConfigurationIsVisible = 0;
			defaultConfigurationName = Release;
		};
/* End XCConfigurationList section */
	};
	rootObject = 837FEF76200FAC84006C06EB /* Project object */;
}
